// !$*UTF8*$!
{
	archiveVersion = 1;
	classes = {
	};
	objectVersion = 55;
	objects = {

/* Begin PBXBuildFile section */
		272BF7592763739600372CA9 /* AppDelegate.swift in Sources */ = {isa = PBXBuildFile; fileRef = 272BF7582763739600372CA9 /* AppDelegate.swift */; };
		272BF75B2763739600372CA9 /* SceneDelegate.swift in Sources */ = {isa = PBXBuildFile; fileRef = 272BF75A2763739600372CA9 /* SceneDelegate.swift */; };
		272BF75D2763739600372CA9 /* ViewController.swift in Sources */ = {isa = PBXBuildFile; fileRef = 272BF75C2763739600372CA9 /* ViewController.swift */; };
		272BF7602763739600372CA9 /* Main.storyboard in Resources */ = {isa = PBXBuildFile; fileRef = 272BF75E2763739600372CA9 /* Main.storyboard */; };
		272BF7622763739700372CA9 /* Assets.xcassets in Resources */ = {isa = PBXBuildFile; fileRef = 272BF7612763739700372CA9 /* Assets.xcassets */; };
		272BF76E276373D800372CA9 /* Networking.swift in Sources */ = {isa = PBXBuildFile; fileRef = 272BF76C276373D800372CA9 /* Networking.swift */; };
		272BF76F276373D800372CA9 /* LoginViewController.swift in Sources */ = {isa = PBXBuildFile; fileRef = 272BF76D276373D800372CA9 /* LoginViewController.swift */; };
		272BF771276382BF00372CA9 /* KeyboardAdjustment.swift in Sources */ = {isa = PBXBuildFile; fileRef = 272BF770276382BF00372CA9 /* KeyboardAdjustment.swift */; };
		272BF77327638C6F00372CA9 /* CountryViewController.swift in Sources */ = {isa = PBXBuildFile; fileRef = 272BF77227638C6F00372CA9 /* CountryViewController.swift */; };
		272BF77527679E7500372CA9 /* Country.swift in Sources */ = {isa = PBXBuildFile; fileRef = 272BF77427679E7500372CA9 /* Country.swift */; };
		272BF777276A4D7F00372CA9 /* CountryDetailViewController.swift in Sources */ = {isa = PBXBuildFile; fileRef = 272BF776276A4D7F00372CA9 /* CountryDetailViewController.swift */; };
/* End PBXBuildFile section */

/* Begin PBXFileReference section */
		272BF7552763739600372CA9 /* TableviewExercise.app */ = {isa = PBXFileReference; explicitFileType = wrapper.application; includeInIndex = 0; path = TableviewExercise.app; sourceTree = BUILT_PRODUCTS_DIR; };
		272BF7582763739600372CA9 /* AppDelegate.swift */ = {isa = PBXFileReference; lastKnownFileType = sourcecode.swift; path = AppDelegate.swift; sourceTree = "<group>"; };
		272BF75A2763739600372CA9 /* SceneDelegate.swift */ = {isa = PBXFileReference; lastKnownFileType = sourcecode.swift; path = SceneDelegate.swift; sourceTree = "<group>"; };
		272BF75C2763739600372CA9 /* ViewController.swift */ = {isa = PBXFileReference; lastKnownFileType = sourcecode.swift; path = ViewController.swift; sourceTree = "<group>"; };
		272BF75F2763739600372CA9 /* Base */ = {isa = PBXFileReference; lastKnownFileType = file.storyboard; name = Base; path = Base.lproj/Main.storyboard; sourceTree = "<group>"; };
		272BF7612763739700372CA9 /* Assets.xcassets */ = {isa = PBXFileReference; lastKnownFileType = folder.assetcatalog; path = Assets.xcassets; sourceTree = "<group>"; };
		272BF7662763739700372CA9 /* Info.plist */ = {isa = PBXFileReference; lastKnownFileType = text.plist.xml; path = Info.plist; sourceTree = "<group>"; };
		272BF76C276373D800372CA9 /* Networking.swift */ = {isa = PBXFileReference; fileEncoding = 4; lastKnownFileType = sourcecode.swift; path = Networking.swift; sourceTree = "<group>"; };
		272BF76D276373D800372CA9 /* LoginViewController.swift */ = {isa = PBXFileReference; fileEncoding = 4; lastKnownFileType = sourcecode.swift; path = LoginViewController.swift; sourceTree = "<group>"; };
		272BF770276382BF00372CA9 /* KeyboardAdjustment.swift */ = {isa = PBXFileReference; lastKnownFileType = sourcecode.swift; path = KeyboardAdjustment.swift; sourceTree = "<group>"; };
		272BF77227638C6F00372CA9 /* CountryViewController.swift */ = {isa = PBXFileReference; lastKnownFileType = sourcecode.swift; path = CountryViewController.swift; sourceTree = "<group>"; };
		272BF77427679E7500372CA9 /* Country.swift */ = {isa = PBXFileReference; fileEncoding = 4; lastKnownFileType = sourcecode.swift; path = Country.swift; sourceTree = "<group>"; };
		272BF776276A4D7F00372CA9 /* CountryDetailViewController.swift */ = {isa = PBXFileReference; lastKnownFileType = sourcecode.swift; path = CountryDetailViewController.swift; sourceTree = "<group>"; };
/* End PBXFileReference section */

/* Begin PBXFrameworksBuildPhase section */
		272BF7522763739600372CA9 /* Frameworks */ = {
			isa = PBXFrameworksBuildPhase;
			buildActionMask = 2147483647;
			files = (
			);
			runOnlyForDeploymentPostprocessing = 0;
		};
/* End PBXFrameworksBuildPhase section */

/* Begin PBXGroup section */
		272BF74C2763739600372CA9 = {
			isa = PBXGroup;
			children = (
				272BF7572763739600372CA9 /* TableviewExercise */,
				272BF7562763739600372CA9 /* Products */,
			);
			sourceTree = "<group>";
		};
		272BF7562763739600372CA9 /* Products */ = {
			isa = PBXGroup;
			children = (
				272BF7552763739600372CA9 /* TableviewExercise.app */,
			);
			name = Products;
			sourceTree = "<group>";
		};
		272BF7572763739600372CA9 /* TableviewExercise */ = {
			isa = PBXGroup;
			children = (
				272BF776276A4D7F00372CA9 /* CountryDetailViewController.swift */,
				272BF77227638C6F00372CA9 /* CountryViewController.swift */,
				272BF770276382BF00372CA9 /* KeyboardAdjustment.swift */,
				272BF7582763739600372CA9 /* AppDelegate.swift */,
				272BF75A2763739600372CA9 /* SceneDelegate.swift */,
				272BF75C2763739600372CA9 /* ViewController.swift */,
				272BF75E2763739600372CA9 /* Main.storyboard */,
				272BF7612763739700372CA9 /* Assets.xcassets */,
				272BF7662763739700372CA9 /* Info.plist */,
				272BF76D276373D800372CA9 /* LoginViewController.swift */,
				272BF76C276373D800372CA9 /* Networking.swift */,
				272BF77427679E7500372CA9 /* Country.swift */,
			);
			path = TableviewExercise;
			sourceTree = "<group>";
		};
/* End PBXGroup section */

/* Begin PBXNativeTarget section */
		272BF7542763739600372CA9 /* TableviewExercise */ = {
			isa = PBXNativeTarget;
			buildConfigurationList = 272BF7692763739700372CA9 /* Build configuration list for PBXNativeTarget "TableviewExercise" */;
			buildPhases = (
				272BF7512763739600372CA9 /* Sources */,
				272BF7522763739600372CA9 /* Frameworks */,
				272BF7532763739600372CA9 /* Resources */,
			);
			buildRules = (
			);
			dependencies = (
			);
			name = TableviewExercise;
			productName = TableviewExercise;
			productReference = 272BF7552763739600372CA9 /* TableviewExercise.app */;
			productType = "com.apple.product-type.application";
		};
/* End PBXNativeTarget section */

/* Begin PBXProject section */
		272BF74D2763739600372CA9 /* Project object */ = {
			isa = PBXProject;
			attributes = {
				BuildIndependentTargetsInParallel = 1;
				LastSwiftUpdateCheck = 1300;
				LastUpgradeCheck = 1300;
				TargetAttributes = {
					272BF7542763739600372CA9 = {
						CreatedOnToolsVersion = 13.0;
					};
				};
			};
			buildConfigurationList = 272BF7502763739600372CA9 /* Build configuration list for PBXProject "TableviewExercise" */;
			compatibilityVersion = "Xcode 13.0";
			developmentRegion = en;
			hasScannedForEncodings = 0;
			knownRegions = (
				en,
				Base,
			);
			mainGroup = 272BF74C2763739600372CA9;
			productRefGroup = 272BF7562763739600372CA9 /* Products */;
			projectDirPath = "";
			projectRoot = "";
			targets = (
				272BF7542763739600372CA9 /* TableviewExercise */,
			);
		};
/* End PBXProject section */

/* Begin PBXResourcesBuildPhase section */
		272BF7532763739600372CA9 /* Resources */ = {
			isa = PBXResourcesBuildPhase;
			buildActionMask = 2147483647;
			files = (
				272BF7622763739700372CA9 /* Assets.xcassets in Resources */,
				272BF7602763739600372CA9 /* Main.storyboard in Resources */,
			);
			runOnlyForDeploymentPostprocessing = 0;
		};
/* End PBXResourcesBuildPhase section */

/* Begin PBXSourcesBuildPhase section */
		272BF7512763739600372CA9 /* Sources */ = {
			isa = PBXSourcesBuildPhase;
			buildActionMask = 2147483647;
			files = (
				272BF75D2763739600372CA9 /* ViewController.swift in Sources */,
				272BF771276382BF00372CA9 /* KeyboardAdjustment.swift in Sources */,
				272BF7592763739600372CA9 /* AppDelegate.swift in Sources */,
				272BF75B2763739600372CA9 /* SceneDelegate.swift in Sources */,
				272BF77527679E7500372CA9 /* Country.swift in Sources */,
				272BF77327638C6F00372CA9 /* CountryViewController.swift in Sources */,
				272BF777276A4D7F00372CA9 /* CountryDetailViewController.swift in Sources */,
				272BF76F276373D800372CA9 /* LoginViewController.swift in Sources */,
				272BF76E276373D800372CA9 /* Networking.swift in Sources */,
			);
			runOnlyForDeploymentPostprocessing = 0;
		};
/* End PBXSourcesBuildPhase section */

/* Begin PBXVariantGroup section */
		272BF75E2763739600372CA9 /* Main.storyboard */ = {
			isa = PBXVariantGroup;
			children = (
				272BF75F2763739600372CA9 /* Base */,
			);
			name = Main.storyboard;
			sourceTree = "<group>";
		};
/* End PBXVariantGroup section */

/* Begin XCBuildConfiguration section */
		272BF7672763739700372CA9 /* Debug */ = {
			isa = XCBuildConfiguration;
			buildSettings = {
				ALWAYS_SEARCH_USER_PATHS = NO;
				CLANG_ANALYZER_NONNULL = YES;
				CLANG_ANALYZER_NUMBER_OBJECT_CONVERSION = YES_AGGRESSIVE;
				CLANG_CXX_LANGUAGE_STANDARD = "gnu++17";
				CLANG_CXX_LIBRARY = "libc++";
				CLANG_ENABLE_MODULES = YES;
				CLANG_ENABLE_OBJC_ARC = YES;
				CLANG_ENABLE_OBJC_WEAK = YES;
				CLANG_WARN_BLOCK_CAPTURE_AUTORELEASING = YES;
				CLANG_WARN_BOOL_CONVERSION = YES;
				CLANG_WARN_COMMA = YES;
				CLANG_WARN_CONSTANT_CONVERSION = YES;
				CLANG_WARN_DEPRECATED_OBJC_IMPLEMENTATIONS = YES;
				CLANG_WARN_DIRECT_OBJC_ISA_USAGE = YES_ERROR;
				CLANG_WARN_DOCUMENTATION_COMMENTS = YES;
				CLANG_WARN_EMPTY_BODY = YES;
				CLANG_WARN_ENUM_CONVERSION = YES;
				CLANG_WARN_INFINITE_RECURSION = YES;
				CLANG_WARN_INT_CONVERSION = YES;
				CLANG_WARN_NON_LITERAL_NULL_CONVERSION = YES;
				CLANG_WARN_OBJC_IMPLICIT_RETAIN_SELF = YES;
				CLANG_WARN_OBJC_LITERAL_CONVERSION = YES;
				CLANG_WARN_OBJC_ROOT_CLASS = YES_ERROR;
				CLANG_WARN_QUOTED_INCLUDE_IN_FRAMEWORK_HEADER = YES;
				CLANG_WARN_RANGE_LOOP_ANALYSIS = YES;
				CLANG_WARN_STRICT_PROTOTYPES = YES;
				CLANG_WARN_SUSPICIOUS_MOVE = YES;
				CLANG_WARN_UNGUARDED_AVAILABILITY = YES_AGGRESSIVE;
				CLANG_WARN_UNREACHABLE_CODE = YES;
				CLANG_WARN__DUPLICATE_METHOD_MATCH = YES;
				COPY_PHASE_STRIP = NO;
				DEBUG_INFORMATION_FORMAT = dwarf;
				ENABLE_STRICT_OBJC_MSGSEND = YES;
				ENABLE_TESTABILITY = YES;
				GCC_C_LANGUAGE_STANDARD = gnu11;
				GCC_DYNAMIC_NO_PIC = NO;
				GCC_NO_COMMON_BLOCKS = YES;
				GCC_OPTIMIZATION_LEVEL = 0;
				GCC_PREPROCESSOR_DEFINITIONS = (
					"DEBUG=1",
					"$(inherited)",
				);
				GCC_WARN_64_TO_32_BIT_CONVERSION = YES;
				GCC_WARN_ABOUT_RETURN_TYPE = YES_ERROR;
				GCC_WARN_UNDECLARED_SELECTOR = YES;
				GCC_WARN_UNINITIALIZED_AUTOS = YES_AGGRESSIVE;
				GCC_WARN_UNUSED_FUNCTION = YES;
				GCC_WARN_UNUSED_VARIABLE = YES;
				IPHONEOS_DEPLOYMENT_TARGET = 15.0;
				MTL_ENABLE_DEBUG_INFO = INCLUDE_SOURCE;
				MTL_FAST_MATH = YES;
				ONLY_ACTIVE_ARCH = YES;
				SDKROOT = iphoneos;
				SWIFT_ACTIVE_COMPILATION_CONDITIONS = DEBUG;
				SWIFT_OPTIMIZATION_LEVEL = "-Onone";
			};
			name = Debug;
		};
		272BF7682763739700372CA9 /* Release */ = {
			isa = XCBuildConfiguration;
			buildSettings = {
				ALWAYS_SEARCH_USER_PATHS = NO;
				CLANG_ANALYZER_NONNULL = YES;
				CLANG_ANALYZER_NUMBER_OBJECT_CONVERSION = YES_AGGRESSIVE;
				CLANG_CXX_LANGUAGE_STANDARD = "gnu++17";
				CLANG_CXX_LIBRARY = "libc++";
				CLANG_ENABLE_MODULES = YES;
				CLANG_ENABLE_OBJC_ARC = YES;
				CLANG_ENABLE_OBJC_WEAK = YES;
				CLANG_WARN_BLOCK_CAPTURE_AUTORELEASING = YES;
				CLANG_WARN_BOOL_CONVERSION = YES;
				CLANG_WARN_COMMA = YES;
				CLANG_WARN_CONSTANT_CONVERSION = YES;
				CLANG_WARN_DEPRECATED_OBJC_IMPLEMENTATIONS = YES;
				CLANG_WARN_DIRECT_OBJC_ISA_USAGE = YES_ERROR;
				CLANG_WARN_DOCUMENTATION_COMMENTS = YES;
				CLANG_WARN_EMPTY_BODY = YES;
				CLANG_WARN_ENUM_CONVERSION = YES;
				CLANG_WARN_INFINITE_RECURSION = YES;
				CLANG_WARN_INT_CONVERSION = YES;
				CLANG_WARN_NON_LITERAL_NULL_CONVERSION = YES;
				CLANG_WARN_OBJC_IMPLICIT_RETAIN_SELF = YES;
				CLANG_WARN_OBJC_LITERAL_CONVERSION = YES;
				CLANG_WARN_OBJC_ROOT_CLASS = YES_ERROR;
				CLANG_WARN_QUOTED_INCLUDE_IN_FRAMEWORK_HEADER = YES;
				CLANG_WARN_RANGE_LOOP_ANALYSIS = YES;
				CLANG_WARN_STRICT_PROTOTYPES = YES;
				CLANG_WARN_SUSPICIOUS_MOVE = YES;
				CLANG_WARN_UNGUARDED_AVAILABILITY = YES_AGGRESSIVE;
				CLANG_WARN_UNREACHABLE_CODE = YES;
				CLANG_WARN__DUPLICATE_METHOD_MATCH = YES;
				COPY_PHASE_STRIP = NO;
				DEBUG_INFORMATION_FORMAT = "dwarf-with-dsym";
				ENABLE_NS_ASSERTIONS = NO;
				ENABLE_STRICT_OBJC_MSGSEND = YES;
				GCC_C_LANGUAGE_STANDARD = gnu11;
				GCC_NO_COMMON_BLOCKS = YES;
				GCC_WARN_64_TO_32_BIT_CONVERSION = YES;
				GCC_WARN_ABOUT_RETURN_TYPE = YES_ERROR;
				GCC_WARN_UNDECLARED_SELECTOR = YES;
				GCC_WARN_UNINITIALIZED_AUTOS = YES_AGGRESSIVE;
				GCC_WARN_UNUSED_FUNCTION = YES;
				GCC_WARN_UNUSED_VARIABLE = YES;
				IPHONEOS_DEPLOYMENT_TARGET = 15.0;
				MTL_ENABLE_DEBUG_INFO = NO;
				MTL_FAST_MATH = YES;
				SDKROOT = iphoneos;
				SWIFT_COMPILATION_MODE = wholemodule;
				SWIFT_OPTIMIZATION_LEVEL = "-O";
				VALIDATE_PRODUCT = YES;
			};
			name = Release;
		};
		272BF76A2763739700372CA9 /* Debug */ = {
			isa = XCBuildConfiguration;
			buildSettings = {
				ASSETCATALOG_COMPILER_APPICON_NAME = AppIcon;
				ASSETCATALOG_COMPILER_GLOBAL_ACCENT_COLOR_NAME = AccentColor;
				CODE_SIGN_STYLE = Automatic;
				CURRENT_PROJECT_VERSION = 1;
				DEVELOPMENT_TEAM = JRD5H3U892;
				GENERATE_INFOPLIST_FILE = YES;
				INFOPLIST_FILE = TableviewExercise/Info.plist;
				INFOPLIST_KEY_UIApplicationSupportsIndirectInputEvents = YES;
				INFOPLIST_KEY_UILaunchStoryboardName = LaunchScreen;
				INFOPLIST_KEY_UIMainStoryboardFile = Main;
				INFOPLIST_KEY_UISupportedInterfaceOrientations_iPad = "UIInterfaceOrientationPortrait UIInterfaceOrientationPortraitUpsideDown UIInterfaceOrientationLandscapeLeft UIInterfaceOrientationLandscapeRight";
				INFOPLIST_KEY_UISupportedInterfaceOrientations_iPhone = "UIInterfaceOrientationPortrait UIInterfaceOrientationLandscapeLeft UIInterfaceOrientationLandscapeRight";
				LD_RUNPATH_SEARCH_PATHS = (
					"$(inherited)",
					"@executable_path/Frameworks",
				);
				MARKETING_VERSION = 1.0;
				PRODUCT_BUNDLE_IDENTIFIER = felixaigner.TableviewExercise;
				PRODUCT_NAME = "$(TARGET_NAME)";
				SWIFT_EMIT_LOC_STRINGS = YES;
				SWIFT_VERSION = 5.0;
				TARGETED_DEVICE_FAMILY = "1,2";
			};
			name = Debug;
		};
		272BF76B2763739700372CA9 /* Release */ = {
			isa = XCBuildConfiguration;
			buildSettings = {
				ASSETCATALOG_COMPILER_APPICON_NAME = AppIcon;
				ASSETCATALOG_COMPILER_GLOBAL_ACCENT_COLOR_NAME = AccentColor;
				CODE_SIGN_STYLE = Automatic;
				CURRENT_PROJECT_VERSION = 1;
				DEVELOPMENT_TEAM = JRD5H3U892;
				GENERATE_INFOPLIST_FILE = YES;
				INFOPLIST_FILE = TableviewExercise/Info.plist;
				INFOPLIST_KEY_UIApplicationSupportsIndirectInputEvents = YES;
				INFOPLIST_KEY_UILaunchStoryboardName = LaunchScreen;
				INFOPLIST_KEY_UIMainStoryboardFile = Main;
				INFOPLIST_KEY_UISupportedInterfaceOrientations_iPad = "UIInterfaceOrientationPortrait UIInterfaceOrientationPortraitUpsideDown UIInterfaceOrientationLandscapeLeft UIInterfaceOrientationLandscapeRight";
				INFOPLIST_KEY_UISupportedInterfaceOrientations_iPhone = "UIInterfaceOrientationPortrait UIInterfaceOrientationLandscapeLeft UIInterfaceOrientationLandscapeRight";
				LD_RUNPATH_SEARCH_PATHS = (
					"$(inherited)",
					"@executable_path/Frameworks",
				);
				MARKETING_VERSION = 1.0;
				PRODUCT_BUNDLE_IDENTIFIER = felixaigner.TableviewExercise;
				PRODUCT_NAME = "$(TARGET_NAME)";
				SWIFT_EMIT_LOC_STRINGS = YES;
				SWIFT_VERSION = 5.0;
				TARGETED_DEVICE_FAMILY = "1,2";
			};
			name = Release;
		};
/* End XCBuildConfiguration section */

/* Begin XCConfigurationList section */
		272BF7502763739600372CA9 /* Build configuration list for PBXProject "TableviewExercise" */ = {
			isa = XCConfigurationList;
			buildConfigurations = (
				272BF7672763739700372CA9 /* Debug */,
				272BF7682763739700372CA9 /* Release */,
			);
			defaultConfigurationIsVisible = 0;
			defaultConfigurationName = Release;
		};
		272BF7692763739700372CA9 /* Build configuration list for PBXNativeTarget "TableviewExercise" */ = {
			isa = XCConfigurationList;
			buildConfigurations = (
				272BF76A2763739700372CA9 /* Debug */,
				272BF76B2763739700372CA9 /* Release */,
			);
			defaultConfigurationIsVisible = 0;
			defaultConfigurationName = Release;
		};
/* End XCConfigurationList section */
	};
	rootObject = 272BF74D2763739600372CA9 /* Project object */;
}
